// !$*UTF8*$!
{
	archiveVersion = 1;
	classes = {
	};
	objectVersion = 56;
	objects = {

/* Begin PBXBuildFile section */
		191B454E2B635959006D80DF /* SportsGridApp.swift in Sources */ = {isa = PBXBuildFile; fileRef = 191B454D2B635959006D80DF /* SportsGridApp.swift */; };
		191B45522B63595B006D80DF /* Assets.xcassets in Resources */ = {isa = PBXBuildFile; fileRef = 191B45512B63595B006D80DF /* Assets.xcassets */; };
		191B45552B63595B006D80DF /* Preview Assets.xcassets in Resources */ = {isa = PBXBuildFile; fileRef = 191B45542B63595B006D80DF /* Preview Assets.xcassets */; };
		19A4F1842B6C23A100B61406 /* PlayerCell.swift in Sources */ = {isa = PBXBuildFile; fileRef = 19A4F1832B6C23A100B61406 /* PlayerCell.swift */; };
		19A4F1872B6C2AA200B61406 /* Padding.swift in Sources */ = {isa = PBXBuildFile; fileRef = 19A4F1862B6C2AA200B61406 /* Padding.swift */; };
		19A4F1892B72CBED00B61406 /* RequestBuilder.swift in Sources */ = {isa = PBXBuildFile; fileRef = 19A4F1882B72CBED00B61406 /* RequestBuilder.swift */; };
		19A4F18B2B72CE7800B61406 /* PlayerSeasonViewModel.swift in Sources */ = {isa = PBXBuildFile; fileRef = 19A4F18A2B72CE7800B61406 /* PlayerSeasonViewModel.swift */; };
		19A4F18D2B72CE9B00B61406 /* PlayerSeasonGrid.swift in Sources */ = {isa = PBXBuildFile; fileRef = 19A4F18C2B72CE9B00B61406 /* PlayerSeasonGrid.swift */; };
		19A4F1922B72D01700B61406 /* SeasonRepository.swift in Sources */ = {isa = PBXBuildFile; fileRef = 19A4F1912B72D01700B61406 /* SeasonRepository.swift */; };
		19A4F1942B72D03700B61406 /* SeasonResponse.swift in Sources */ = {isa = PBXBuildFile; fileRef = 19A4F1932B72D03700B61406 /* SeasonResponse.swift */; };
		19A4F1982B72D1B300B61406 /* SeasonError.swift in Sources */ = {isa = PBXBuildFile; fileRef = 19A4F1972B72D1B300B61406 /* SeasonError.swift */; };
		19A4F19B2B72D31300B61406 /* PlayerResponse.swift in Sources */ = {isa = PBXBuildFile; fileRef = 19A4F19A2B72D31300B61406 /* PlayerResponse.swift */; };
		19D7E88C2B7C1F2000799814 /* MatchUpAPI.swift in Sources */ = {isa = PBXBuildFile; fileRef = 19D7E88B2B7C1F2000799814 /* MatchUpAPI.swift */; };
		19D7E88F2B7C23C600799814 /* GameOddsResponse.swift in Sources */ = {isa = PBXBuildFile; fileRef = 19D7E88E2B7C23C600799814 /* GameOddsResponse.swift */; };
		19D7E8912B7C23DE00799814 /* BookMakerOddsResponse.swift in Sources */ = {isa = PBXBuildFile; fileRef = 19D7E8902B7C23DE00799814 /* BookMakerOddsResponse.swift */; };
		19D7E8942B7C23FC00799814 /* BookMakerOdds.swift in Sources */ = {isa = PBXBuildFile; fileRef = 19D7E8932B7C23FC00799814 /* BookMakerOdds.swift */; };
		19D7E8962B7C241300799814 /* GameOdds.swift in Sources */ = {isa = PBXBuildFile; fileRef = 19D7E8952B7C241300799814 /* GameOdds.swift */; };
		19D7E8982B7C2B7000799814 /* MatchUpRepository.swift in Sources */ = {isa = PBXBuildFile; fileRef = 19D7E8972B7C2B7000799814 /* MatchUpRepository.swift */; };
		19D7E89A2B7C2F4300799814 /* DateFormat.swift in Sources */ = {isa = PBXBuildFile; fileRef = 19D7E8992B7C2F4300799814 /* DateFormat.swift */; };
		19D7E89D2B7C359500799814 /* DateFormatterTests.swift in Sources */ = {isa = PBXBuildFile; fileRef = 19D7E89C2B7C359500799814 /* DateFormatterTests.swift */; };
		19D7E89F2B7C4D3500799814 /* String+Extension.swift in Sources */ = {isa = PBXBuildFile; fileRef = 19D7E89E2B7C4D3500799814 /* String+Extension.swift */; };
		19D7E8A12B7C51F900799814 /* MatchUpRouter.swift in Sources */ = {isa = PBXBuildFile; fileRef = 19D7E8A02B7C51F900799814 /* MatchUpRouter.swift */; };
		19D7E8A42B7C529000799814 /* GameOddsRow.swift in Sources */ = {isa = PBXBuildFile; fileRef = 19D7E8A32B7C529000799814 /* GameOddsRow.swift */; };
		19D7E8A62B7E9C1200799814 /* BookMaker.swift in Sources */ = {isa = PBXBuildFile; fileRef = 19D7E8A52B7E9C1200799814 /* BookMaker.swift */; };
		19D7E8A82B7EABF700799814 /* MatchupList.swift in Sources */ = {isa = PBXBuildFile; fileRef = 19D7E8A72B7EABF700799814 /* MatchupList.swift */; };
		19D7E8AA2B7EB00D00799814 /* MatchupListViewModel.swift in Sources */ = {isa = PBXBuildFile; fileRef = 19D7E8A92B7EB00D00799814 /* MatchupListViewModel.swift */; };
		19D7E8AC2B7EB30B00799814 /* MainView.swift in Sources */ = {isa = PBXBuildFile; fileRef = 19D7E8AB2B7EB30B00799814 /* MainView.swift */; };
		19D7E8B12B7EC9B800799814 /* NbaTeamRepository.swift in Sources */ = {isa = PBXBuildFile; fileRef = 19D7E8B02B7EC9B800799814 /* NbaTeamRepository.swift */; };
		19D7E8B32B7EE0CE00799814 /* TeamRouter.swift in Sources */ = {isa = PBXBuildFile; fileRef = 19D7E8B22B7EE0CE00799814 /* TeamRouter.swift */; };
		19D7E8B52B7EE0E400799814 /* TeamAPI.swift in Sources */ = {isa = PBXBuildFile; fileRef = 19D7E8B42B7EE0E400799814 /* TeamAPI.swift */; };
		19D7E8B72B7EE10000799814 /* NbaTeamResponse.swift in Sources */ = {isa = PBXBuildFile; fileRef = 19D7E8B62B7EE10000799814 /* NbaTeamResponse.swift */; };
		19D7E8B92B7EE12700799814 /* NbaTeamRequest.swift in Sources */ = {isa = PBXBuildFile; fileRef = 19D7E8B82B7EE12700799814 /* NbaTeamRequest.swift */; };
		19D7E8BC2B7EE69200799814 /* NbaTeam.swift in Sources */ = {isa = PBXBuildFile; fileRef = 19D7E8BB2B7EE69200799814 /* NbaTeam.swift */; };
		19D7E8C02B7EF7C900799814 /* NukeUI in Frameworks */ = {isa = PBXBuildFile; productRef = 19D7E8BF2B7EF7C900799814 /* NukeUI */; };
		19D7E8C22B7F0BCF00799814 /* TankFantasyProvider.swift in Sources */ = {isa = PBXBuildFile; fileRef = 19D7E8C12B7F0BCF00799814 /* TankFantasyProvider.swift */; };
		19D7E8C42B7F0BDF00799814 /* NbaDBProvider.swift in Sources */ = {isa = PBXBuildFile; fileRef = 19D7E8C32B7F0BDF00799814 /* NbaDBProvider.swift */; };
		19D7E8C62B7F0CB700799814 /* GetOddsUseCase.swift in Sources */ = {isa = PBXBuildFile; fileRef = 19D7E8C52B7F0CB700799814 /* GetOddsUseCase.swift */; };
		19E73CFD2B69B59D006FA1F3 /* NetworkError.swift in Sources */ = {isa = PBXBuildFile; fileRef = 19E73CFC2B69B59D006FA1F3 /* NetworkError.swift */; };
		19E73D002B69B5DE006FA1F3 /* SeasonRouter.swift in Sources */ = {isa = PBXBuildFile; fileRef = 19E73CFF2B69B5DE006FA1F3 /* SeasonRouter.swift */; };
		19E73D022B69B5F3006FA1F3 /* Season.swift in Sources */ = {isa = PBXBuildFile; fileRef = 19E73D012B69B5F3006FA1F3 /* Season.swift */; };
		19E73D052B69B60F006FA1F3 /* Player.swift in Sources */ = {isa = PBXBuildFile; fileRef = 19E73D042B69B60F006FA1F3 /* Player.swift */; };
		19E73D092B69BDBD006FA1F3 /* APIHandler.swift in Sources */ = {isa = PBXBuildFile; fileRef = 19E73D082B69BDBD006FA1F3 /* APIHandler.swift */; };
		19E73D0B2B69BDDA006FA1F3 /* HTTPMethod.swift in Sources */ = {isa = PBXBuildFile; fileRef = 19E73D0A2B69BDDA006FA1F3 /* HTTPMethod.swift */; };
		19E73D0D2B69BDF0006FA1F3 /* RouteProvider.swift in Sources */ = {isa = PBXBuildFile; fileRef = 19E73D0C2B69BDF0006FA1F3 /* RouteProvider.swift */; };
		19E73D0F2B69C060006FA1F3 /* HTTPContentType.swift in Sources */ = {isa = PBXBuildFile; fileRef = 19E73D0E2B69C060006FA1F3 /* HTTPContentType.swift */; };
		19E73D112B6A150C006FA1F3 /* SeasonAPI.swift in Sources */ = {isa = PBXBuildFile; fileRef = 19E73D102B6A150C006FA1F3 /* SeasonAPI.swift */; };
/* End PBXBuildFile section */

/* Begin PBXContainerItemProxy section */
		191B455B2B63595B006D80DF /* PBXContainerItemProxy */ = {
			isa = PBXContainerItemProxy;
			containerPortal = 191B45422B635959006D80DF /* Project object */;
			proxyType = 1;
			remoteGlobalIDString = 191B45492B635959006D80DF;
			remoteInfo = SportsGrid;
		};
/* End PBXContainerItemProxy section */

/* Begin PBXFileReference section */
		191B454A2B635959006D80DF /* SportsGrid.app */ = {isa = PBXFileReference; explicitFileType = wrapper.application; includeInIndex = 0; path = SportsGrid.app; sourceTree = BUILT_PRODUCTS_DIR; };
		191B454D2B635959006D80DF /* SportsGridApp.swift */ = {isa = PBXFileReference; lastKnownFileType = sourcecode.swift; path = SportsGridApp.swift; sourceTree = "<group>"; };
		191B45512B63595B006D80DF /* Assets.xcassets */ = {isa = PBXFileReference; lastKnownFileType = folder.assetcatalog; path = Assets.xcassets; sourceTree = "<group>"; };
		191B45542B63595B006D80DF /* Preview Assets.xcassets */ = {isa = PBXFileReference; lastKnownFileType = folder.assetcatalog; path = "Preview Assets.xcassets"; sourceTree = "<group>"; };
		191B455A2B63595B006D80DF /* SportsGridTests.xctest */ = {isa = PBXFileReference; explicitFileType = wrapper.cfbundle; includeInIndex = 0; path = SportsGridTests.xctest; sourceTree = BUILT_PRODUCTS_DIR; };
		19A4F1832B6C23A100B61406 /* PlayerCell.swift */ = {isa = PBXFileReference; lastKnownFileType = sourcecode.swift; path = PlayerCell.swift; sourceTree = "<group>"; };
		19A4F1862B6C2AA200B61406 /* Padding.swift */ = {isa = PBXFileReference; lastKnownFileType = sourcecode.swift; path = Padding.swift; sourceTree = "<group>"; };
		19A4F1882B72CBED00B61406 /* RequestBuilder.swift */ = {isa = PBXFileReference; lastKnownFileType = sourcecode.swift; path = RequestBuilder.swift; sourceTree = "<group>"; };
		19A4F18A2B72CE7800B61406 /* PlayerSeasonViewModel.swift */ = {isa = PBXFileReference; lastKnownFileType = sourcecode.swift; path = PlayerSeasonViewModel.swift; sourceTree = "<group>"; };
		19A4F18C2B72CE9B00B61406 /* PlayerSeasonGrid.swift */ = {isa = PBXFileReference; lastKnownFileType = sourcecode.swift; path = PlayerSeasonGrid.swift; sourceTree = "<group>"; };
		19A4F1912B72D01700B61406 /* SeasonRepository.swift */ = {isa = PBXFileReference; lastKnownFileType = sourcecode.swift; path = SeasonRepository.swift; sourceTree = "<group>"; };
		19A4F1932B72D03700B61406 /* SeasonResponse.swift */ = {isa = PBXFileReference; lastKnownFileType = sourcecode.swift; path = SeasonResponse.swift; sourceTree = "<group>"; };
		19A4F1972B72D1B300B61406 /* SeasonError.swift */ = {isa = PBXFileReference; lastKnownFileType = sourcecode.swift; path = SeasonError.swift; sourceTree = "<group>"; };
		19A4F19A2B72D31300B61406 /* PlayerResponse.swift */ = {isa = PBXFileReference; lastKnownFileType = sourcecode.swift; path = PlayerResponse.swift; sourceTree = "<group>"; };
		19D7E88B2B7C1F2000799814 /* MatchUpAPI.swift */ = {isa = PBXFileReference; lastKnownFileType = sourcecode.swift; path = MatchUpAPI.swift; sourceTree = "<group>"; };
		19D7E88E2B7C23C600799814 /* GameOddsResponse.swift */ = {isa = PBXFileReference; lastKnownFileType = sourcecode.swift; path = GameOddsResponse.swift; sourceTree = "<group>"; };
		19D7E8902B7C23DE00799814 /* BookMakerOddsResponse.swift */ = {isa = PBXFileReference; lastKnownFileType = sourcecode.swift; path = BookMakerOddsResponse.swift; sourceTree = "<group>"; };
		19D7E8932B7C23FC00799814 /* BookMakerOdds.swift */ = {isa = PBXFileReference; lastKnownFileType = sourcecode.swift; path = BookMakerOdds.swift; sourceTree = "<group>"; };
		19D7E8952B7C241300799814 /* GameOdds.swift */ = {isa = PBXFileReference; lastKnownFileType = sourcecode.swift; path = GameOdds.swift; sourceTree = "<group>"; };
		19D7E8972B7C2B7000799814 /* MatchUpRepository.swift */ = {isa = PBXFileReference; lastKnownFileType = sourcecode.swift; path = MatchUpRepository.swift; sourceTree = "<group>"; };
		19D7E8992B7C2F4300799814 /* DateFormat.swift */ = {isa = PBXFileReference; lastKnownFileType = sourcecode.swift; path = DateFormat.swift; sourceTree = "<group>"; };
		19D7E89C2B7C359500799814 /* DateFormatterTests.swift */ = {isa = PBXFileReference; lastKnownFileType = sourcecode.swift; path = DateFormatterTests.swift; sourceTree = "<group>"; };
		19D7E89E2B7C4D3500799814 /* String+Extension.swift */ = {isa = PBXFileReference; lastKnownFileType = sourcecode.swift; path = "String+Extension.swift"; sourceTree = "<group>"; };
		19D7E8A02B7C51F900799814 /* MatchUpRouter.swift */ = {isa = PBXFileReference; lastKnownFileType = sourcecode.swift; path = MatchUpRouter.swift; sourceTree = "<group>"; };
		19D7E8A32B7C529000799814 /* GameOddsRow.swift */ = {isa = PBXFileReference; lastKnownFileType = sourcecode.swift; path = GameOddsRow.swift; sourceTree = "<group>"; };
		19D7E8A52B7E9C1200799814 /* BookMaker.swift */ = {isa = PBXFileReference; lastKnownFileType = sourcecode.swift; path = BookMaker.swift; sourceTree = "<group>"; };
		19D7E8A72B7EABF700799814 /* MatchupList.swift */ = {isa = PBXFileReference; lastKnownFileType = sourcecode.swift; path = MatchupList.swift; sourceTree = "<group>"; };
		19D7E8A92B7EB00D00799814 /* MatchupListViewModel.swift */ = {isa = PBXFileReference; lastKnownFileType = sourcecode.swift; path = MatchupListViewModel.swift; sourceTree = "<group>"; };
		19D7E8AB2B7EB30B00799814 /* MainView.swift */ = {isa = PBXFileReference; lastKnownFileType = sourcecode.swift; path = MainView.swift; sourceTree = "<group>"; };
		19D7E8B02B7EC9B800799814 /* NbaTeamRepository.swift */ = {isa = PBXFileReference; lastKnownFileType = sourcecode.swift; path = NbaTeamRepository.swift; sourceTree = "<group>"; };
		19D7E8B22B7EE0CE00799814 /* TeamRouter.swift */ = {isa = PBXFileReference; lastKnownFileType = sourcecode.swift; path = TeamRouter.swift; sourceTree = "<group>"; };
		19D7E8B42B7EE0E400799814 /* TeamAPI.swift */ = {isa = PBXFileReference; lastKnownFileType = sourcecode.swift; path = TeamAPI.swift; sourceTree = "<group>"; };
		19D7E8B62B7EE10000799814 /* NbaTeamResponse.swift */ = {isa = PBXFileReference; lastKnownFileType = sourcecode.swift; path = NbaTeamResponse.swift; sourceTree = "<group>"; };
		19D7E8B82B7EE12700799814 /* NbaTeamRequest.swift */ = {isa = PBXFileReference; lastKnownFileType = sourcecode.swift; path = NbaTeamRequest.swift; sourceTree = "<group>"; };
		19D7E8BB2B7EE69200799814 /* NbaTeam.swift */ = {isa = PBXFileReference; lastKnownFileType = sourcecode.swift; path = NbaTeam.swift; sourceTree = "<group>"; };
		19D7E8C12B7F0BCF00799814 /* TankFantasyProvider.swift */ = {isa = PBXFileReference; lastKnownFileType = sourcecode.swift; path = TankFantasyProvider.swift; sourceTree = "<group>"; };
		19D7E8C32B7F0BDF00799814 /* NbaDBProvider.swift */ = {isa = PBXFileReference; lastKnownFileType = sourcecode.swift; path = NbaDBProvider.swift; sourceTree = "<group>"; };
		19D7E8C52B7F0CB700799814 /* GetOddsUseCase.swift */ = {isa = PBXFileReference; lastKnownFileType = sourcecode.swift; path = GetOddsUseCase.swift; sourceTree = "<group>"; };
		19E73CFC2B69B59D006FA1F3 /* NetworkError.swift */ = {isa = PBXFileReference; lastKnownFileType = sourcecode.swift; path = NetworkError.swift; sourceTree = "<group>"; };
		19E73CFF2B69B5DE006FA1F3 /* SeasonRouter.swift */ = {isa = PBXFileReference; lastKnownFileType = sourcecode.swift; path = SeasonRouter.swift; sourceTree = "<group>"; };
		19E73D012B69B5F3006FA1F3 /* Season.swift */ = {isa = PBXFileReference; lastKnownFileType = sourcecode.swift; path = Season.swift; sourceTree = "<group>"; };
		19E73D042B69B60F006FA1F3 /* Player.swift */ = {isa = PBXFileReference; lastKnownFileType = sourcecode.swift; path = Player.swift; sourceTree = "<group>"; };
		19E73D082B69BDBD006FA1F3 /* APIHandler.swift */ = {isa = PBXFileReference; lastKnownFileType = sourcecode.swift; path = APIHandler.swift; sourceTree = "<group>"; };
		19E73D0A2B69BDDA006FA1F3 /* HTTPMethod.swift */ = {isa = PBXFileReference; lastKnownFileType = sourcecode.swift; path = HTTPMethod.swift; sourceTree = "<group>"; };
		19E73D0C2B69BDF0006FA1F3 /* RouteProvider.swift */ = {isa = PBXFileReference; lastKnownFileType = sourcecode.swift; path = RouteProvider.swift; sourceTree = "<group>"; };
		19E73D0E2B69C060006FA1F3 /* HTTPContentType.swift */ = {isa = PBXFileReference; lastKnownFileType = sourcecode.swift; path = HTTPContentType.swift; sourceTree = "<group>"; };
		19E73D102B6A150C006FA1F3 /* SeasonAPI.swift */ = {isa = PBXFileReference; lastKnownFileType = sourcecode.swift; path = SeasonAPI.swift; sourceTree = "<group>"; };
/* End PBXFileReference section */

/* Begin PBXFrameworksBuildPhase section */
		191B45472B635959006D80DF /* Frameworks */ = {
			isa = PBXFrameworksBuildPhase;
			buildActionMask = 2147483647;
			files = (
				19D7E8C02B7EF7C900799814 /* NukeUI in Frameworks */,
			);
			runOnlyForDeploymentPostprocessing = 0;
		};
		191B45572B63595B006D80DF /* Frameworks */ = {
			isa = PBXFrameworksBuildPhase;
			buildActionMask = 2147483647;
			files = (
			);
			runOnlyForDeploymentPostprocessing = 0;
		};
/* End PBXFrameworksBuildPhase section */

/* Begin PBXGroup section */
		191B45412B635959006D80DF = {
			isa = PBXGroup;
			children = (
				191B454C2B635959006D80DF /* SportsGrid */,
				191B455D2B63595B006D80DF /* SportsGridTests */,
				191B454B2B635959006D80DF /* Products */,
			);
			sourceTree = "<group>";
		};
		191B454B2B635959006D80DF /* Products */ = {
			isa = PBXGroup;
			children = (
				191B454A2B635959006D80DF /* SportsGrid.app */,
				191B455A2B63595B006D80DF /* SportsGridTests.xctest */,
			);
			name = Products;
			sourceTree = "<group>";
		};
		191B454C2B635959006D80DF /* SportsGrid */ = {
			isa = PBXGroup;
			children = (
				19D7E8AF2B7EC8EA00799814 /* Team */,
				19D7E88A2B7C1F0E00799814 /* Matchup */,
				19A4F1852B6C2A9A00B61406 /* Utils */,
				19E73D032B69B600006FA1F3 /* Player */,
				19E73CFE2B69B5D3006FA1F3 /* Season */,
				19E73CF92B69B57B006FA1F3 /* Network */,
				191B454D2B635959006D80DF /* SportsGridApp.swift */,
				191B45512B63595B006D80DF /* Assets.xcassets */,
				191B45532B63595B006D80DF /* Preview Content */,
				19D7E8AB2B7EB30B00799814 /* MainView.swift */,
			);
			path = SportsGrid;
			sourceTree = "<group>";
		};
		191B45532B63595B006D80DF /* Preview Content */ = {
			isa = PBXGroup;
			children = (
				191B45542B63595B006D80DF /* Preview Assets.xcassets */,
			);
			path = "Preview Content";
			sourceTree = "<group>";
		};
		191B455D2B63595B006D80DF /* SportsGridTests */ = {
			isa = PBXGroup;
			children = (
				19D7E89B2B7C358A00799814 /* UtilTests */,
			);
			path = SportsGridTests;
			sourceTree = "<group>";
		};
		19A4F1802B6C237000B61406 /* View */ = {
			isa = PBXGroup;
			children = (
				19A4F1832B6C23A100B61406 /* PlayerCell.swift */,
			);
			path = View;
			sourceTree = "<group>";
		};
		19A4F1852B6C2A9A00B61406 /* Utils */ = {
			isa = PBXGroup;
			children = (
				19A4F1862B6C2AA200B61406 /* Padding.swift */,
				19D7E8992B7C2F4300799814 /* DateFormat.swift */,
				19D7E89E2B7C4D3500799814 /* String+Extension.swift */,
			);
			path = Utils;
			sourceTree = "<group>";
		};
		19A4F18F2B72CFEB00B61406 /* View */ = {
			isa = PBXGroup;
			children = (
				19A4F18C2B72CE9B00B61406 /* PlayerSeasonGrid.swift */,
				19A4F18A2B72CE7800B61406 /* PlayerSeasonViewModel.swift */,
			);
			path = View;
			sourceTree = "<group>";
		};
		19A4F1902B72D00300B61406 /* API */ = {
			isa = PBXGroup;
			children = (
				19E73CFF2B69B5DE006FA1F3 /* SeasonRouter.swift */,
				19E73D102B6A150C006FA1F3 /* SeasonAPI.swift */,
				19A4F1912B72D01700B61406 /* SeasonRepository.swift */,
				19A4F1932B72D03700B61406 /* SeasonResponse.swift */,
				19A4F1972B72D1B300B61406 /* SeasonError.swift */,
			);
			path = API;
			sourceTree = "<group>";
		};
		19A4F1952B72D05200B61406 /* Domain */ = {
			isa = PBXGroup;
			children = (
				19E73D012B69B5F3006FA1F3 /* Season.swift */,
			);
			path = Domain;
			sourceTree = "<group>";
		};
		19A4F1962B72D05900B61406 /* Domain */ = {
			isa = PBXGroup;
			children = (
				19E73D042B69B60F006FA1F3 /* Player.swift */,
			);
			path = Domain;
			sourceTree = "<group>";
		};
		19A4F1992B72D30B00B61406 /* API */ = {
			isa = PBXGroup;
			children = (
				19A4F19A2B72D31300B61406 /* PlayerResponse.swift */,
			);
			path = API;
			sourceTree = "<group>";
		};
		19D7E88A2B7C1F0E00799814 /* Matchup */ = {
			isa = PBXGroup;
			children = (
				19D7E8A22B7C523900799814 /* View */,
				19D7E8922B7C23F200799814 /* Domain */,
				19D7E88D2B7C23B800799814 /* API */,
			);
			path = Matchup;
			sourceTree = "<group>";
		};
		19D7E88D2B7C23B800799814 /* API */ = {
			isa = PBXGroup;
			children = (
				19D7E88B2B7C1F2000799814 /* MatchUpAPI.swift */,
				19D7E88E2B7C23C600799814 /* GameOddsResponse.swift */,
				19D7E8902B7C23DE00799814 /* BookMakerOddsResponse.swift */,
				19D7E8972B7C2B7000799814 /* MatchUpRepository.swift */,
				19D7E8A02B7C51F900799814 /* MatchUpRouter.swift */,
				19D7E8C52B7F0CB700799814 /* GetOddsUseCase.swift */,
			);
			path = API;
			sourceTree = "<group>";
		};
		19D7E8922B7C23F200799814 /* Domain */ = {
			isa = PBXGroup;
			children = (
				19D7E8932B7C23FC00799814 /* BookMakerOdds.swift */,
				19D7E8952B7C241300799814 /* GameOdds.swift */,
				19D7E8A52B7E9C1200799814 /* BookMaker.swift */,
			);
			path = Domain;
			sourceTree = "<group>";
		};
		19D7E89B2B7C358A00799814 /* UtilTests */ = {
			isa = PBXGroup;
			children = (
				19D7E89C2B7C359500799814 /* DateFormatterTests.swift */,
			);
			path = UtilTests;
			sourceTree = "<group>";
		};
		19D7E8A22B7C523900799814 /* View */ = {
			isa = PBXGroup;
			children = (
				19D7E8A32B7C529000799814 /* GameOddsRow.swift */,
				19D7E8A72B7EABF700799814 /* MatchupList.swift */,
				19D7E8A92B7EB00D00799814 /* MatchupListViewModel.swift */,
			);
			path = View;
			sourceTree = "<group>";
		};
		19D7E8AF2B7EC8EA00799814 /* Team */ = {
			isa = PBXGroup;
			children = (
				19D7E8BD2B7EE6A400799814 /* API */,
				19D7E8BA2B7EE68A00799814 /* Domain */,
			);
			path = Team;
			sourceTree = "<group>";
		};
		19D7E8BA2B7EE68A00799814 /* Domain */ = {
			isa = PBXGroup;
			children = (
				19D7E8BB2B7EE69200799814 /* NbaTeam.swift */,
			);
			path = Domain;
			sourceTree = "<group>";
		};
		19D7E8BD2B7EE6A400799814 /* API */ = {
			isa = PBXGroup;
			children = (
				19D7E8B02B7EC9B800799814 /* NbaTeamRepository.swift */,
				19D7E8B22B7EE0CE00799814 /* TeamRouter.swift */,
				19D7E8B42B7EE0E400799814 /* TeamAPI.swift */,
				19D7E8B62B7EE10000799814 /* NbaTeamResponse.swift */,
				19D7E8B82B7EE12700799814 /* NbaTeamRequest.swift */,
			);
			path = API;
			sourceTree = "<group>";
		};
		19E73CF92B69B57B006FA1F3 /* Network */ = {
			isa = PBXGroup;
			children = (
				19E73CFC2B69B59D006FA1F3 /* NetworkError.swift */,
				19E73D082B69BDBD006FA1F3 /* APIHandler.swift */,
				19E73D0A2B69BDDA006FA1F3 /* HTTPMethod.swift */,
				19E73D0C2B69BDF0006FA1F3 /* RouteProvider.swift */,
				19E73D0E2B69C060006FA1F3 /* HTTPContentType.swift */,
				19A4F1882B72CBED00B61406 /* RequestBuilder.swift */,
				19D7E8C12B7F0BCF00799814 /* TankFantasyProvider.swift */,
				19D7E8C32B7F0BDF00799814 /* NbaDBProvider.swift */,
			);
			path = Network;
			sourceTree = "<group>";
		};
		19E73CFE2B69B5D3006FA1F3 /* Season */ = {
			isa = PBXGroup;
			children = (
				19A4F1952B72D05200B61406 /* Domain */,
				19A4F1902B72D00300B61406 /* API */,
				19A4F18F2B72CFEB00B61406 /* View */,
			);
			path = Season;
			sourceTree = "<group>";
		};
		19E73D032B69B600006FA1F3 /* Player */ = {
			isa = PBXGroup;
			children = (
				19A4F1992B72D30B00B61406 /* API */,
				19A4F1962B72D05900B61406 /* Domain */,
				19A4F1802B6C237000B61406 /* View */,
			);
			path = Player;
			sourceTree = "<group>";
		};
/* End PBXGroup section */

/* Begin PBXNativeTarget section */
		191B45492B635959006D80DF /* SportsGrid */ = {
			isa = PBXNativeTarget;
			buildConfigurationList = 191B456E2B63595B006D80DF /* Build configuration list for PBXNativeTarget "SportsGrid" */;
			buildPhases = (
				191B45462B635959006D80DF /* Sources */,
				191B45472B635959006D80DF /* Frameworks */,
				191B45482B635959006D80DF /* Resources */,
			);
			buildRules = (
			);
			dependencies = (
			);
			name = SportsGrid;
			packageProductDependencies = (
				19D7E8BF2B7EF7C900799814 /* NukeUI */,
			);
			productName = SportsGrid;
			productReference = 191B454A2B635959006D80DF /* SportsGrid.app */;
			productType = "com.apple.product-type.application";
		};
		191B45592B63595B006D80DF /* SportsGridTests */ = {
			isa = PBXNativeTarget;
			buildConfigurationList = 191B45712B63595B006D80DF /* Build configuration list for PBXNativeTarget "SportsGridTests" */;
			buildPhases = (
				191B45562B63595B006D80DF /* Sources */,
				191B45572B63595B006D80DF /* Frameworks */,
				191B45582B63595B006D80DF /* Resources */,
			);
			buildRules = (
			);
			dependencies = (
				191B455C2B63595B006D80DF /* PBXTargetDependency */,
			);
			name = SportsGridTests;
			productName = SportsGridTests;
			productReference = 191B455A2B63595B006D80DF /* SportsGridTests.xctest */;
			productType = "com.apple.product-type.bundle.unit-test";
		};
/* End PBXNativeTarget section */

/* Begin PBXProject section */
		191B45422B635959006D80DF /* Project object */ = {
			isa = PBXProject;
			attributes = {
				BuildIndependentTargetsInParallel = 1;
				LastSwiftUpdateCheck = 1520;
				LastUpgradeCheck = 1520;
				TargetAttributes = {
					191B45492B635959006D80DF = {
						CreatedOnToolsVersion = 15.2;
					};
					191B45592B63595B006D80DF = {
						CreatedOnToolsVersion = 15.2;
						TestTargetID = 191B45492B635959006D80DF;
					};
				};
			};
			buildConfigurationList = 191B45452B635959006D80DF /* Build configuration list for PBXProject "SportsGrid" */;
			compatibilityVersion = "Xcode 14.0";
			developmentRegion = en;
			hasScannedForEncodings = 0;
			knownRegions = (
				en,
				Base,
			);
			mainGroup = 191B45412B635959006D80DF;
			packageReferences = (
				19D7E8BE2B7EF7C900799814 /* XCRemoteSwiftPackageReference "Nuke" */,
			);
			productRefGroup = 191B454B2B635959006D80DF /* Products */;
			projectDirPath = "";
			projectRoot = "";
			targets = (
				191B45492B635959006D80DF /* SportsGrid */,
				191B45592B63595B006D80DF /* SportsGridTests */,
			);
		};
/* End PBXProject section */

/* Begin PBXResourcesBuildPhase section */
		191B45482B635959006D80DF /* Resources */ = {
			isa = PBXResourcesBuildPhase;
			buildActionMask = 2147483647;
			files = (
				191B45552B63595B006D80DF /* Preview Assets.xcassets in Resources */,
				191B45522B63595B006D80DF /* Assets.xcassets in Resources */,
			);
			runOnlyForDeploymentPostprocessing = 0;
		};
		191B45582B63595B006D80DF /* Resources */ = {
			isa = PBXResourcesBuildPhase;
			buildActionMask = 2147483647;
			files = (
			);
			runOnlyForDeploymentPostprocessing = 0;
		};
/* End PBXResourcesBuildPhase section */

/* Begin PBXSourcesBuildPhase section */
		191B45462B635959006D80DF /* Sources */ = {
			isa = PBXSourcesBuildPhase;
			buildActionMask = 2147483647;
			files = (
				19D7E8982B7C2B7000799814 /* MatchUpRepository.swift in Sources */,
				19D7E8C42B7F0BDF00799814 /* NbaDBProvider.swift in Sources */,
				19A4F18D2B72CE9B00B61406 /* PlayerSeasonGrid.swift in Sources */,
				19A4F1892B72CBED00B61406 /* RequestBuilder.swift in Sources */,
				19D7E8962B7C241300799814 /* GameOdds.swift in Sources */,
				19A4F1982B72D1B300B61406 /* SeasonError.swift in Sources */,
				19E73D112B6A150C006FA1F3 /* SeasonAPI.swift in Sources */,
				19D7E8A12B7C51F900799814 /* MatchUpRouter.swift in Sources */,
				191B454E2B635959006D80DF /* SportsGridApp.swift in Sources */,
				19D7E8B92B7EE12700799814 /* NbaTeamRequest.swift in Sources */,
				19D7E8B12B7EC9B800799814 /* NbaTeamRepository.swift in Sources */,
				19D7E8AA2B7EB00D00799814 /* MatchupListViewModel.swift in Sources */,
				19D7E89F2B7C4D3500799814 /* String+Extension.swift in Sources */,
				19D7E8AC2B7EB30B00799814 /* MainView.swift in Sources */,
				19D7E8C62B7F0CB700799814 /* GetOddsUseCase.swift in Sources */,
				19D7E8912B7C23DE00799814 /* BookMakerOddsResponse.swift in Sources */,
				19D7E8B52B7EE0E400799814 /* TeamAPI.swift in Sources */,
				19E73D0B2B69BDDA006FA1F3 /* HTTPMethod.swift in Sources */,
				19E73D052B69B60F006FA1F3 /* Player.swift in Sources */,
				19D7E8B72B7EE10000799814 /* NbaTeamResponse.swift in Sources */,
				19E73CFD2B69B59D006FA1F3 /* NetworkError.swift in Sources */,
				19D7E8C22B7F0BCF00799814 /* TankFantasyProvider.swift in Sources */,
				19D7E8B32B7EE0CE00799814 /* TeamRouter.swift in Sources */,
				19E73D0F2B69C060006FA1F3 /* HTTPContentType.swift in Sources */,
				19D7E8A82B7EABF700799814 /* MatchupList.swift in Sources */,
				19D7E8942B7C23FC00799814 /* BookMakerOdds.swift in Sources */,
				19A4F1922B72D01700B61406 /* SeasonRepository.swift in Sources */,
				19D7E8BC2B7EE69200799814 /* NbaTeam.swift in Sources */,
				19A4F19B2B72D31300B61406 /* PlayerResponse.swift in Sources */,
				19D7E88F2B7C23C600799814 /* GameOddsResponse.swift in Sources */,
				19E73D0D2B69BDF0006FA1F3 /* RouteProvider.swift in Sources */,
				19A4F1872B6C2AA200B61406 /* Padding.swift in Sources */,
				19A4F18B2B72CE7800B61406 /* PlayerSeasonViewModel.swift in Sources */,
				19E73D092B69BDBD006FA1F3 /* APIHandler.swift in Sources */,
				19A4F1942B72D03700B61406 /* SeasonResponse.swift in Sources */,
				19D7E8A42B7C529000799814 /* GameOddsRow.swift in Sources */,
				19E73D022B69B5F3006FA1F3 /* Season.swift in Sources */,
				19D7E88C2B7C1F2000799814 /* MatchUpAPI.swift in Sources */,
				19E73D002B69B5DE006FA1F3 /* SeasonRouter.swift in Sources */,
				19A4F1842B6C23A100B61406 /* PlayerCell.swift in Sources */,
				19D7E89A2B7C2F4300799814 /* DateFormat.swift in Sources */,
				19D7E8A62B7E9C1200799814 /* BookMaker.swift in Sources */,
			);
			runOnlyForDeploymentPostprocessing = 0;
		};
		191B45562B63595B006D80DF /* Sources */ = {
			isa = PBXSourcesBuildPhase;
			buildActionMask = 2147483647;
			files = (
				19D7E89D2B7C359500799814 /* DateFormatterTests.swift in Sources */,
			);
			runOnlyForDeploymentPostprocessing = 0;
		};
/* End PBXSourcesBuildPhase section */

/* Begin PBXTargetDependency section */
		191B455C2B63595B006D80DF /* PBXTargetDependency */ = {
			isa = PBXTargetDependency;
			target = 191B45492B635959006D80DF /* SportsGrid */;
			targetProxy = 191B455B2B63595B006D80DF /* PBXContainerItemProxy */;
		};
/* End PBXTargetDependency section */

/* Begin XCBuildConfiguration section */
		191B456C2B63595B006D80DF /* Debug */ = {
			isa = XCBuildConfiguration;
			buildSettings = {
				ALWAYS_SEARCH_USER_PATHS = NO;
				ASSETCATALOG_COMPILER_GENERATE_SWIFT_ASSET_SYMBOL_EXTENSIONS = YES;
				CLANG_ANALYZER_NONNULL = YES;
				CLANG_ANALYZER_NUMBER_OBJECT_CONVERSION = YES_AGGRESSIVE;
				CLANG_CXX_LANGUAGE_STANDARD = "gnu++20";
				CLANG_ENABLE_MODULES = YES;
				CLANG_ENABLE_OBJC_ARC = YES;
				CLANG_ENABLE_OBJC_WEAK = YES;
				CLANG_WARN_BLOCK_CAPTURE_AUTORELEASING = YES;
				CLANG_WARN_BOOL_CONVERSION = YES;
				CLANG_WARN_COMMA = YES;
				CLANG_WARN_CONSTANT_CONVERSION = YES;
				CLANG_WARN_DEPRECATED_OBJC_IMPLEMENTATIONS = YES;
				CLANG_WARN_DIRECT_OBJC_ISA_USAGE = YES_ERROR;
				CLANG_WARN_DOCUMENTATION_COMMENTS = YES;
				CLANG_WARN_EMPTY_BODY = YES;
				CLANG_WARN_ENUM_CONVERSION = YES;
				CLANG_WARN_INFINITE_RECURSION = YES;
				CLANG_WARN_INT_CONVERSION = YES;
				CLANG_WARN_NON_LITERAL_NULL_CONVERSION = YES;
				CLANG_WARN_OBJC_IMPLICIT_RETAIN_SELF = YES;
				CLANG_WARN_OBJC_LITERAL_CONVERSION = YES;
				CLANG_WARN_OBJC_ROOT_CLASS = YES_ERROR;
				CLANG_WARN_QUOTED_INCLUDE_IN_FRAMEWORK_HEADER = YES;
				CLANG_WARN_RANGE_LOOP_ANALYSIS = YES;
				CLANG_WARN_STRICT_PROTOTYPES = YES;
				CLANG_WARN_SUSPICIOUS_MOVE = YES;
				CLANG_WARN_UNGUARDED_AVAILABILITY = YES_AGGRESSIVE;
				CLANG_WARN_UNREACHABLE_CODE = YES;
				CLANG_WARN__DUPLICATE_METHOD_MATCH = YES;
				COPY_PHASE_STRIP = NO;
				DEBUG_INFORMATION_FORMAT = dwarf;
				ENABLE_STRICT_OBJC_MSGSEND = YES;
				ENABLE_TESTABILITY = YES;
				ENABLE_USER_SCRIPT_SANDBOXING = YES;
				GCC_C_LANGUAGE_STANDARD = gnu17;
				GCC_DYNAMIC_NO_PIC = NO;
				GCC_NO_COMMON_BLOCKS = YES;
				GCC_OPTIMIZATION_LEVEL = 0;
				GCC_PREPROCESSOR_DEFINITIONS = (
					"DEBUG=1",
					"$(inherited)",
				);
				GCC_WARN_64_TO_32_BIT_CONVERSION = YES;
				GCC_WARN_ABOUT_RETURN_TYPE = YES_ERROR;
				GCC_WARN_UNDECLARED_SELECTOR = YES;
				GCC_WARN_UNINITIALIZED_AUTOS = YES_AGGRESSIVE;
				GCC_WARN_UNUSED_FUNCTION = YES;
				GCC_WARN_UNUSED_VARIABLE = YES;
				IPHONEOS_DEPLOYMENT_TARGET = 17.2;
				LOCALIZATION_PREFERS_STRING_CATALOGS = YES;
				MTL_ENABLE_DEBUG_INFO = INCLUDE_SOURCE;
				MTL_FAST_MATH = YES;
				ONLY_ACTIVE_ARCH = YES;
				SDKROOT = iphoneos;
				SWIFT_ACTIVE_COMPILATION_CONDITIONS = "DEBUG $(inherited)";
				SWIFT_OPTIMIZATION_LEVEL = "-Onone";
			};
			name = Debug;
		};
		191B456D2B63595B006D80DF /* Release */ = {
			isa = XCBuildConfiguration;
			buildSettings = {
				ALWAYS_SEARCH_USER_PATHS = NO;
				ASSETCATALOG_COMPILER_GENERATE_SWIFT_ASSET_SYMBOL_EXTENSIONS = YES;
				CLANG_ANALYZER_NONNULL = YES;
				CLANG_ANALYZER_NUMBER_OBJECT_CONVERSION = YES_AGGRESSIVE;
				CLANG_CXX_LANGUAGE_STANDARD = "gnu++20";
				CLANG_ENABLE_MODULES = YES;
				CLANG_ENABLE_OBJC_ARC = YES;
				CLANG_ENABLE_OBJC_WEAK = YES;
				CLANG_WARN_BLOCK_CAPTURE_AUTORELEASING = YES;
				CLANG_WARN_BOOL_CONVERSION = YES;
				CLANG_WARN_COMMA = YES;
				CLANG_WARN_CONSTANT_CONVERSION = YES;
				CLANG_WARN_DEPRECATED_OBJC_IMPLEMENTATIONS = YES;
				CLANG_WARN_DIRECT_OBJC_ISA_USAGE = YES_ERROR;
				CLANG_WARN_DOCUMENTATION_COMMENTS = YES;
				CLANG_WARN_EMPTY_BODY = YES;
				CLANG_WARN_ENUM_CONVERSION = YES;
				CLANG_WARN_INFINITE_RECURSION = YES;
				CLANG_WARN_INT_CONVERSION = YES;
				CLANG_WARN_NON_LITERAL_NULL_CONVERSION = YES;
				CLANG_WARN_OBJC_IMPLICIT_RETAIN_SELF = YES;
				CLANG_WARN_OBJC_LITERAL_CONVERSION = YES;
				CLANG_WARN_OBJC_ROOT_CLASS = YES_ERROR;
				CLANG_WARN_QUOTED_INCLUDE_IN_FRAMEWORK_HEADER = YES;
				CLANG_WARN_RANGE_LOOP_ANALYSIS = YES;
				CLANG_WARN_STRICT_PROTOTYPES = YES;
				CLANG_WARN_SUSPICIOUS_MOVE = YES;
				CLANG_WARN_UNGUARDED_AVAILABILITY = YES_AGGRESSIVE;
				CLANG_WARN_UNREACHABLE_CODE = YES;
				CLANG_WARN__DUPLICATE_METHOD_MATCH = YES;
				COPY_PHASE_STRIP = NO;
				DEBUG_INFORMATION_FORMAT = "dwarf-with-dsym";
				ENABLE_NS_ASSERTIONS = NO;
				ENABLE_STRICT_OBJC_MSGSEND = YES;
				ENABLE_USER_SCRIPT_SANDBOXING = YES;
				GCC_C_LANGUAGE_STANDARD = gnu17;
				GCC_NO_COMMON_BLOCKS = YES;
				GCC_WARN_64_TO_32_BIT_CONVERSION = YES;
				GCC_WARN_ABOUT_RETURN_TYPE = YES_ERROR;
				GCC_WARN_UNDECLARED_SELECTOR = YES;
				GCC_WARN_UNINITIALIZED_AUTOS = YES_AGGRESSIVE;
				GCC_WARN_UNUSED_FUNCTION = YES;
				GCC_WARN_UNUSED_VARIABLE = YES;
				IPHONEOS_DEPLOYMENT_TARGET = 17.2;
				LOCALIZATION_PREFERS_STRING_CATALOGS = YES;
				MTL_ENABLE_DEBUG_INFO = NO;
				MTL_FAST_MATH = YES;
				SDKROOT = iphoneos;
				SWIFT_COMPILATION_MODE = wholemodule;
				VALIDATE_PRODUCT = YES;
			};
			name = Release;
		};
		191B456F2B63595B006D80DF /* Debug */ = {
			isa = XCBuildConfiguration;
			buildSettings = {
				ASSETCATALOG_COMPILER_APPICON_NAME = AppIcon;
				ASSETCATALOG_COMPILER_GLOBAL_ACCENT_COLOR_NAME = AccentColor;
				CODE_SIGN_STYLE = Automatic;
				CURRENT_PROJECT_VERSION = 1;
				DEVELOPMENT_ASSET_PATHS = "\"SportsGrid/Preview Content\"";
				DEVELOPMENT_TEAM = 7D8822L32D;
				ENABLE_PREVIEWS = YES;
				GENERATE_INFOPLIST_FILE = YES;
				INFOPLIST_KEY_UIApplicationSceneManifest_Generation = YES;
				INFOPLIST_KEY_UIApplicationSupportsIndirectInputEvents = YES;
				INFOPLIST_KEY_UILaunchScreen_Generation = YES;
				INFOPLIST_KEY_UISupportedInterfaceOrientations_iPad = "UIInterfaceOrientationPortrait UIInterfaceOrientationPortraitUpsideDown UIInterfaceOrientationLandscapeLeft UIInterfaceOrientationLandscapeRight";
				INFOPLIST_KEY_UISupportedInterfaceOrientations_iPhone = "UIInterfaceOrientationPortrait UIInterfaceOrientationLandscapeLeft UIInterfaceOrientationLandscapeRight";
				LD_RUNPATH_SEARCH_PATHS = (
					"$(inherited)",
					"@executable_path/Frameworks",
				);
				MARKETING_VERSION = 1.0;
				PRODUCT_BUNDLE_IDENTIFIER = sportsGrid.SportsGrid;
				PRODUCT_NAME = "$(TARGET_NAME)";
				SWIFT_EMIT_LOC_STRINGS = YES;
				SWIFT_VERSION = 5.0;
				TARGETED_DEVICE_FAMILY = "1,2";
			};
			name = Debug;
		};
		191B45702B63595B006D80DF /* Release */ = {
			isa = XCBuildConfiguration;
			buildSettings = {
				ASSETCATALOG_COMPILER_APPICON_NAME = AppIcon;
				ASSETCATALOG_COMPILER_GLOBAL_ACCENT_COLOR_NAME = AccentColor;
				CODE_SIGN_STYLE = Automatic;
				CURRENT_PROJECT_VERSION = 1;
				DEVELOPMENT_ASSET_PATHS = "\"SportsGrid/Preview Content\"";
				DEVELOPMENT_TEAM = 7D8822L32D;
				ENABLE_PREVIEWS = YES;
				GENERATE_INFOPLIST_FILE = YES;
				INFOPLIST_KEY_UIApplicationSceneManifest_Generation = YES;
				INFOPLIST_KEY_UIApplicationSupportsIndirectInputEvents = YES;
				INFOPLIST_KEY_UILaunchScreen_Generation = YES;
				INFOPLIST_KEY_UISupportedInterfaceOrientations_iPad = "UIInterfaceOrientationPortrait UIInterfaceOrientationPortraitUpsideDown UIInterfaceOrientationLandscapeLeft UIInterfaceOrientationLandscapeRight";
				INFOPLIST_KEY_UISupportedInterfaceOrientations_iPhone = "UIInterfaceOrientationPortrait UIInterfaceOrientationLandscapeLeft UIInterfaceOrientationLandscapeRight";
				LD_RUNPATH_SEARCH_PATHS = (
					"$(inherited)",
					"@executable_path/Frameworks",
				);
				MARKETING_VERSION = 1.0;
				PRODUCT_BUNDLE_IDENTIFIER = sportsGrid.SportsGrid;
				PRODUCT_NAME = "$(TARGET_NAME)";
				SWIFT_EMIT_LOC_STRINGS = YES;
				SWIFT_VERSION = 5.0;
				TARGETED_DEVICE_FAMILY = "1,2";
			};
			name = Release;
		};
		191B45722B63595B006D80DF /* Debug */ = {
			isa = XCBuildConfiguration;
			buildSettings = {
				ALWAYS_EMBED_SWIFT_STANDARD_LIBRARIES = YES;
				BUNDLE_LOADER = "$(TEST_HOST)";
				CODE_SIGN_STYLE = Automatic;
				CURRENT_PROJECT_VERSION = 1;
				DEVELOPMENT_TEAM = 7D8822L32D;
				GENERATE_INFOPLIST_FILE = YES;
				IPHONEOS_DEPLOYMENT_TARGET = 17.2;
				MARKETING_VERSION = 1.0;
				PRODUCT_BUNDLE_IDENTIFIER = sportsGrid.SportsGridTests;
				PRODUCT_NAME = "$(TARGET_NAME)";
				SWIFT_EMIT_LOC_STRINGS = NO;
				SWIFT_VERSION = 5.0;
				TARGETED_DEVICE_FAMILY = "1,2";
				TEST_HOST = "$(BUILT_PRODUCTS_DIR)/SportsGrid.app/$(BUNDLE_EXECUTABLE_FOLDER_PATH)/SportsGrid";
			};
			name = Debug;
		};
		191B45732B63595B006D80DF /* Release */ = {
			isa = XCBuildConfiguration;
			buildSettings = {
				ALWAYS_EMBED_SWIFT_STANDARD_LIBRARIES = YES;
				BUNDLE_LOADER = "$(TEST_HOST)";
				CODE_SIGN_STYLE = Automatic;
				CURRENT_PROJECT_VERSION = 1;
				DEVELOPMENT_TEAM = 7D8822L32D;
				GENERATE_INFOPLIST_FILE = YES;
				IPHONEOS_DEPLOYMENT_TARGET = 17.2;
				MARKETING_VERSION = 1.0;
				PRODUCT_BUNDLE_IDENTIFIER = sportsGrid.SportsGridTests;
				PRODUCT_NAME = "$(TARGET_NAME)";
				SWIFT_EMIT_LOC_STRINGS = NO;
				SWIFT_VERSION = 5.0;
				TARGETED_DEVICE_FAMILY = "1,2";
				TEST_HOST = "$(BUILT_PRODUCTS_DIR)/SportsGrid.app/$(BUNDLE_EXECUTABLE_FOLDER_PATH)/SportsGrid";
			};
			name = Release;
		};
/* End XCBuildConfiguration section */

/* Begin XCConfigurationList section */
		191B45452B635959006D80DF /* Build configuration list for PBXProject "SportsGrid" */ = {
			isa = XCConfigurationList;
			buildConfigurations = (
				191B456C2B63595B006D80DF /* Debug */,
				191B456D2B63595B006D80DF /* Release */,
			);
			defaultConfigurationIsVisible = 0;
			defaultConfigurationName = Release;
		};
		191B456E2B63595B006D80DF /* Build configuration list for PBXNativeTarget "SportsGrid" */ = {
			isa = XCConfigurationList;
			buildConfigurations = (
				191B456F2B63595B006D80DF /* Debug */,
				191B45702B63595B006D80DF /* Release */,
			);
			defaultConfigurationIsVisible = 0;
			defaultConfigurationName = Release;
		};
		191B45712B63595B006D80DF /* Build configuration list for PBXNativeTarget "SportsGridTests" */ = {
			isa = XCConfigurationList;
			buildConfigurations = (
				191B45722B63595B006D80DF /* Debug */,
				191B45732B63595B006D80DF /* Release */,
			);
			defaultConfigurationIsVisible = 0;
			defaultConfigurationName = Release;
		};
/* End XCConfigurationList section */

/* Begin XCRemoteSwiftPackageReference section */
		19D7E8BE2B7EF7C900799814 /* XCRemoteSwiftPackageReference "Nuke" */ = {
			isa = XCRemoteSwiftPackageReference;
			repositoryURL = "https://github.com/kean/Nuke?tab=readme-ov-file";
			requirement = {
				kind = upToNextMajorVersion;
				minimumVersion = 12.4.0;
			};
		};
/* End XCRemoteSwiftPackageReference section */

/* Begin XCSwiftPackageProductDependency section */
		19D7E8BF2B7EF7C900799814 /* NukeUI */ = {
			isa = XCSwiftPackageProductDependency;
			package = 19D7E8BE2B7EF7C900799814 /* XCRemoteSwiftPackageReference "Nuke" */;
			productName = NukeUI;
		};
/* End XCSwiftPackageProductDependency section */
	};
	rootObject = 191B45422B635959006D80DF /* Project object */;
}
